
Microsoft Visual Studio Solution File, Format Version 12.00
# Visual Studio Version 17
VisualStudioVersion = 17.4.33103.184
MinimumVisualStudioVersion = 10.0.40219.1
Project("{FAE04EC0-301F-11D3-BF4B-00C04F79EFBC}") = "Byte_Bank", "Byte_Bank\Byte_Bank.csproj", "{0552EEA9-EEBD-4186-9135-33E92B1645DE}"
EndProject
Global
	GlobalSection(SolutionConfigurationPlatforms) = preSolution
		Debug|Any CPU = Debug|Any CPU
		Release|Any CPU = Release|Any CPU
	EndGlobalSection
	GlobalSection(ProjectConfigurationPlatforms) = postSolution
		{0552EEA9-EEBD-4186-9135-33E92B1645DE}.Debug|Any CPU.ActiveCfg = Debug|Any CPU
		{0552EEA9-EEBD-4186-9135-33E92B1645DE}.Debug|Any CPU.Build.0 = Debug|Any CPU
		{0552EEA9-EEBD-4186-9135-33E92B1645DE}.Release|Any CPU.ActiveCfg = Release|Any CPU
		{0552EEA9-EEBD-4186-9135-33E92B1645DE}.Release|Any CPU.Build.0 = Release|Any CPU
	EndGlobalSection
	GlobalSection(SolutionProperties) = preSolution
		HideSolutionNode = FALSE
	EndGlobalSection
	GlobalSection(ExtensibilityGlobals) = postSolution
		SolutionGuid = {0AA9C5CC-6533-4604-93AA-F78700760CE9}
	EndGlobalSection
EndGlobal
